
Microsoft Visual Studio Solution File, Format Version 12.00
# Visual Studio Version 17
VisualStudioVersion = 17.10.35013.160
MinimumVisualStudioVersion = 10.0.40219.1
Project("{F14B399A-7131-4C87-9E4B-1186C45EF12D}") = "Hotel Reservation Reports", "Hotel Reservation Reports\Hotel Reservation Reports.rptproj", "{8D630214-78D0-41F9-8C26-30AF997A06EF}"
EndProject
Global
	GlobalSection(SolutionConfigurationPlatforms) = preSolution
		Debug|Default = Debug|Default
		DebugLocal|Default = DebugLocal|Default
		Release|Default = Release|Default
	EndGlobalSection
	GlobalSection(ProjectConfigurationPlatforms) = postSolution
		{8D630214-78D0-41F9-8C26-30AF997A06EF}.Debug|Default.ActiveCfg = Debug
		{8D630214-78D0-41F9-8C26-30AF997A06EF}.Debug|Default.Build.0 = Debug
		{8D630214-78D0-41F9-8C26-30AF997A06EF}.Debug|Default.Deploy.0 = Debug
		{8D630214-78D0-41F9-8C26-30AF997A06EF}.DebugLocal|Default.ActiveCfg = DebugLocal
		{8D630214-78D0-41F9-8C26-30AF997A06EF}.DebugLocal|Default.Build.0 = DebugLocal
		{8D630214-78D0-41F9-8C26-30AF997A06EF}.Release|Default.ActiveCfg = Release
		{8D630214-78D0-41F9-8C26-30AF997A06EF}.Release|Default.Build.0 = Release
		{8D630214-78D0-41F9-8C26-30AF997A06EF}.Release|Default.Deploy.0 = Release
	EndGlobalSection
	GlobalSection(SolutionProperties) = preSolution
		HideSolutionNode = FALSE
	EndGlobalSection
	GlobalSection(ExtensibilityGlobals) = postSolution
		SolutionGuid = {EE950531-744C-41E5-BC7A-4805AEC02CA0}
	EndGlobalSection
EndGlobal
